
Microsoft Visual Studio Solution File, Format Version 12.00
# Visual Studio 15
VisualStudioVersion = 15.0.27130.2036
MinimumVisualStudioVersion = 10.0.40219.1
Project("{FAE04EC0-301F-11D3-BF4B-00C04F79EFBC}") = "ASP_MVC", "ASP_MVC\ASP_MVC.csproj", "{FFD77C5C-448E-451C-823A-1007EE09E60E}"
EndProject
Global
	GlobalSection(SolutionConfigurationPlatforms) = preSolution
		Debug|Any CPU = Debug|Any CPU
		Release|Any CPU = Release|Any CPU
	EndGlobalSection
	GlobalSection(ProjectConfigurationPlatforms) = postSolution
		{FFD77C5C-448E-451C-823A-1007EE09E60E}.Debug|Any CPU.ActiveCfg = Debug|Any CPU
		{FFD77C5C-448E-451C-823A-1007EE09E60E}.Debug|Any CPU.Build.0 = Debug|Any CPU
		{FFD77C5C-448E-451C-823A-1007EE09E60E}.Release|Any CPU.ActiveCfg = Release|Any CPU
		{FFD77C5C-448E-451C-823A-1007EE09E60E}.Release|Any CPU.Build.0 = Release|Any CPU
	EndGlobalSection
	GlobalSection(SolutionProperties) = preSolution
		HideSolutionNode = FALSE
	EndGlobalSection
	GlobalSection(ExtensibilityGlobals) = postSolution
		SolutionGuid = {CC4F4594-7916-4998-9E2D-0167C064C4CA}
	EndGlobalSection
EndGlobal
